
Microsoft Visual Studio Solution File, Format Version 11.00
# Visual Studio 2010
Project("{2150E333-8FDC-42A3-9474-1A3956D46DE8}") = "Challenges", "Challenges", "{1A74FE71-5077-4B90-9732-B26B1A3CE519}"
EndProject
Project("{2150E333-8FDC-42A3-9474-1A3956D46DE8}") = "NodeRx", "NodeRx", "{52A96AF2-978C-4BF0-9BF8-D30550FD1302}"
EndProject
Project("{FAE04EC0-301F-11D3-BF4B-00C04F79EFBC}") = "NodeRx", "NodeRx\NodeRx.csproj", "{FB364AFE-6B56-4CC3-823B-02B8DB3DE57E}"
EndProject
Project("{2150E333-8FDC-42A3-9474-1A3956D46DE8}") = "DictionarySuggest", "DictionarySuggest", "{DEFDC229-1AB9-4E0C-B9E7-9DAD15298690}"
EndProject
Project("{FAE04EC0-301F-11D3-BF4B-00C04F79EFBC}") = "DictionarySuggest", "DictionarySuggest\DictionarySuggest.csproj", "{E0A8CF6D-2B1A-426A-B70D-FEDF0205AA25}"
EndProject
Project("{FAE04EC0-301F-11D3-BF4B-00C04F79EFBC}") = "DictionarySuggestJS", "DictionarySuggestJS\DictionarySuggestJS.csproj", "{055A20DA-60FC-4F79-94B6-8EB0012DE36E}"
EndProject
Project("{2150E333-8FDC-42A3-9474-1A3956D46DE8}") = "Demos", "Demos", "{F4619C23-DEC0-424A-BC7D-A98FDE4051CF}"
EndProject
Project("{FAE04EC0-301F-11D3-BF4B-00C04F79EFBC}") = "Generators", "Generators\Generators.csproj", "{76134C80-DE44-4F33-8AB5-806B94B06AC3}"
EndProject
Project("{FAE04EC0-301F-11D3-BF4B-00C04F79EFBC}") = "MouseMoves", "MouseMoves\MouseMoves.csproj", "{F39A792F-201A-463B-9E68-37DB9C9D4F84}"
EndProject
Project("{2150E333-8FDC-42A3-9474-1A3956D46DE8}") = "RxJS Demos", "RxJS Demos", "{33763813-A289-4610-92D6-EE14727958F8}"
EndProject
Project("{FAE04EC0-301F-11D3-BF4B-00C04F79EFBC}") = "GeneratorsJS", "GeneratorsJS\GeneratorsJS.csproj", "{84463755-4809-40E6-B0D5-6B7FCD4F6895}"
EndProject
Project("{FAE04EC0-301F-11D3-BF4B-00C04F79EFBC}") = "MouseMovesJS", "MouseMovesJS\MouseMovesJS.csproj", "{E864C573-6648-4CEB-B8B8-BBA7639087BA}"
EndProject
Project("{FAE04EC0-301F-11D3-BF4B-00C04F79EFBC}") = "NodeRxTestClient", "NodeRxTestClient\NodeRxTestClient.csproj", "{27F8A7C2-258A-4619-9E41-69C33AA7CB1D}"
EndProject
Project("{FAE04EC0-301F-11D3-BF4B-00C04F79EFBC}") = "IntroductionToRx", "IntroductionToRx\IntroductionToRx.csproj", "{91A785F9-CD1D-414D-AC36-7D72591F3F31}"
EndProject
Project("{FAE04EC0-301F-11D3-BF4B-00C04F79EFBC}") = "DragAndDrop", "DragAndDrop\DragAndDrop.csproj", "{0B15ED86-CFC1-4D06-93E8-1B9F483F87E1}"
EndProject
Project("{FAE04EC0-301F-11D3-BF4B-00C04F79EFBC}") = "ProgrammingTheCloud", "ProgrammingTheCloud\ProgrammingTheCloud.csproj", "{C6BD7125-F33D-46CF-97FA-DC1DBE44255C}"
EndProject
Project("{FAE04EC0-301F-11D3-BF4B-00C04F79EFBC}") = "StockQuotes", "StockQuotes\StockQuotes.csproj", "{FF4827D0-5C2D-4564-A92B-E231F39E7B65}"
EndProject
Global
	GlobalSection(SolutionConfigurationPlatforms) = preSolution
		Debug|Any CPU = Debug|Any CPU
		Debug|Mixed Platforms = Debug|Mixed Platforms
		Debug|x86 = Debug|x86
		Release|Any CPU = Release|Any CPU
		Release|Mixed Platforms = Release|Mixed Platforms
		Release|x86 = Release|x86
	EndGlobalSection
	GlobalSection(ProjectConfigurationPlatforms) = postSolution
		{FB364AFE-6B56-4CC3-823B-02B8DB3DE57E}.Debug|Any CPU.ActiveCfg = Debug|x86
		{FB364AFE-6B56-4CC3-823B-02B8DB3DE57E}.Debug|Mixed Platforms.ActiveCfg = Debug|x86
		{FB364AFE-6B56-4CC3-823B-02B8DB3DE57E}.Debug|Mixed Platforms.Build.0 = Debug|x86
		{FB364AFE-6B56-4CC3-823B-02B8DB3DE57E}.Debug|x86.ActiveCfg = Debug|x86
		{FB364AFE-6B56-4CC3-823B-02B8DB3DE57E}.Debug|x86.Build.0 = Debug|x86
		{FB364AFE-6B56-4CC3-823B-02B8DB3DE57E}.Release|Any CPU.ActiveCfg = Release|x86
		{FB364AFE-6B56-4CC3-823B-02B8DB3DE57E}.Release|Mixed Platforms.ActiveCfg = Release|x86
		{FB364AFE-6B56-4CC3-823B-02B8DB3DE57E}.Release|Mixed Platforms.Build.0 = Release|x86
		{FB364AFE-6B56-4CC3-823B-02B8DB3DE57E}.Release|x86.ActiveCfg = Release|x86
		{FB364AFE-6B56-4CC3-823B-02B8DB3DE57E}.Release|x86.Build.0 = Release|x86
		{E0A8CF6D-2B1A-426A-B70D-FEDF0205AA25}.Debug|Any CPU.ActiveCfg = Debug|x86
		{E0A8CF6D-2B1A-426A-B70D-FEDF0205AA25}.Debug|Mixed Platforms.ActiveCfg = Debug|x86
		{E0A8CF6D-2B1A-426A-B70D-FEDF0205AA25}.Debug|Mixed Platforms.Build.0 = Debug|x86
		{E0A8CF6D-2B1A-426A-B70D-FEDF0205AA25}.Debug|x86.ActiveCfg = Debug|x86
		{E0A8CF6D-2B1A-426A-B70D-FEDF0205AA25}.Debug|x86.Build.0 = Debug|x86
		{E0A8CF6D-2B1A-426A-B70D-FEDF0205AA25}.Release|Any CPU.ActiveCfg = Release|x86
		{E0A8CF6D-2B1A-426A-B70D-FEDF0205AA25}.Release|Mixed Platforms.ActiveCfg = Release|x86
		{E0A8CF6D-2B1A-426A-B70D-FEDF0205AA25}.Release|Mixed Platforms.Build.0 = Release|x86
		{E0A8CF6D-2B1A-426A-B70D-FEDF0205AA25}.Release|x86.ActiveCfg = Release|x86
		{E0A8CF6D-2B1A-426A-B70D-FEDF0205AA25}.Release|x86.Build.0 = Release|x86
		{055A20DA-60FC-4F79-94B6-8EB0012DE36E}.Debug|Any CPU.ActiveCfg = Debug|Any CPU
		{055A20DA-60FC-4F79-94B6-8EB0012DE36E}.Debug|Any CPU.Build.0 = Debug|Any CPU
		{055A20DA-60FC-4F79-94B6-8EB0012DE36E}.Debug|Mixed Platforms.ActiveCfg = Debug|Any CPU
		{055A20DA-60FC-4F79-94B6-8EB0012DE36E}.Debug|Mixed Platforms.Build.0 = Debug|Any CPU
		{055A20DA-60FC-4F79-94B6-8EB0012DE36E}.Debug|x86.ActiveCfg = Debug|Any CPU
		{055A20DA-60FC-4F79-94B6-8EB0012DE36E}.Release|Any CPU.ActiveCfg = Release|Any CPU
		{055A20DA-60FC-4F79-94B6-8EB0012DE36E}.Release|Any CPU.Build.0 = Release|Any CPU
		{055A20DA-60FC-4F79-94B6-8EB0012DE36E}.Release|Mixed Platforms.ActiveCfg = Release|Any CPU
		{055A20DA-60FC-4F79-94B6-8EB0012DE36E}.Release|Mixed Platforms.Build.0 = Release|Any CPU
		{055A20DA-60FC-4F79-94B6-8EB0012DE36E}.Release|x86.ActiveCfg = Release|Any CPU
		{76134C80-DE44-4F33-8AB5-806B94B06AC3}.Debug|Any CPU.ActiveCfg = Debug|x86
		{76134C80-DE44-4F33-8AB5-806B94B06AC3}.Debug|Mixed Platforms.ActiveCfg = Debug|x86
		{76134C80-DE44-4F33-8AB5-806B94B06AC3}.Debug|Mixed Platforms.Build.0 = Debug|x86
		{76134C80-DE44-4F33-8AB5-806B94B06AC3}.Debug|x86.ActiveCfg = Debug|x86
		{76134C80-DE44-4F33-8AB5-806B94B06AC3}.Debug|x86.Build.0 = Debug|x86
		{76134C80-DE44-4F33-8AB5-806B94B06AC3}.Release|Any CPU.ActiveCfg = Release|x86
		{76134C80-DE44-4F33-8AB5-806B94B06AC3}.Release|Mixed Platforms.ActiveCfg = Release|x86
		{76134C80-DE44-4F33-8AB5-806B94B06AC3}.Release|Mixed Platforms.Build.0 = Release|x86
		{76134C80-DE44-4F33-8AB5-806B94B06AC3}.Release|x86.ActiveCfg = Release|x86
		{76134C80-DE44-4F33-8AB5-806B94B06AC3}.Release|x86.Build.0 = Release|x86
		{F39A792F-201A-463B-9E68-37DB9C9D4F84}.Debug|Any CPU.ActiveCfg = Debug|x86
		{F39A792F-201A-463B-9E68-37DB9C9D4F84}.Debug|Mixed Platforms.ActiveCfg = Debug|x86
		{F39A792F-201A-463B-9E68-37DB9C9D4F84}.Debug|Mixed Platforms.Build.0 = Debug|x86
		{F39A792F-201A-463B-9E68-37DB9C9D4F84}.Debug|x86.ActiveCfg = Debug|x86
		{F39A792F-201A-463B-9E68-37DB9C9D4F84}.Debug|x86.Build.0 = Debug|x86
		{F39A792F-201A-463B-9E68-37DB9C9D4F84}.Release|Any CPU.ActiveCfg = Release|x86
		{F39A792F-201A-463B-9E68-37DB9C9D4F84}.Release|Mixed Platforms.ActiveCfg = Release|x86
		{F39A792F-201A-463B-9E68-37DB9C9D4F84}.Release|Mixed Platforms.Build.0 = Release|x86
		{F39A792F-201A-463B-9E68-37DB9C9D4F84}.Release|x86.ActiveCfg = Release|x86
		{F39A792F-201A-463B-9E68-37DB9C9D4F84}.Release|x86.Build.0 = Release|x86
		{84463755-4809-40E6-B0D5-6B7FCD4F6895}.Debug|Any CPU.ActiveCfg = Debug|Any CPU
		{84463755-4809-40E6-B0D5-6B7FCD4F6895}.Debug|Any CPU.Build.0 = Debug|Any CPU
		{84463755-4809-40E6-B0D5-6B7FCD4F6895}.Debug|Mixed Platforms.ActiveCfg = Debug|Any CPU
		{84463755-4809-40E6-B0D5-6B7FCD4F6895}.Debug|Mixed Platforms.Build.0 = Debug|Any CPU
		{84463755-4809-40E6-B0D5-6B7FCD4F6895}.Debug|x86.ActiveCfg = Debug|Any CPU
		{84463755-4809-40E6-B0D5-6B7FCD4F6895}.Release|Any CPU.ActiveCfg = Release|Any CPU
		{84463755-4809-40E6-B0D5-6B7FCD4F6895}.Release|Any CPU.Build.0 = Release|Any CPU
		{84463755-4809-40E6-B0D5-6B7FCD4F6895}.Release|Mixed Platforms.ActiveCfg = Release|Any CPU
		{84463755-4809-40E6-B0D5-6B7FCD4F6895}.Release|Mixed Platforms.Build.0 = Release|Any CPU
		{84463755-4809-40E6-B0D5-6B7FCD4F6895}.Release|x86.ActiveCfg = Release|Any CPU
		{E864C573-6648-4CEB-B8B8-BBA7639087BA}.Debug|Any CPU.ActiveCfg = Debug|Any CPU
		{E864C573-6648-4CEB-B8B8-BBA7639087BA}.Debug|Any CPU.Build.0 = Debug|Any CPU
		{E864C573-6648-4CEB-B8B8-BBA7639087BA}.Debug|Mixed Platforms.ActiveCfg = Debug|Any CPU
		{E864C573-6648-4CEB-B8B8-BBA7639087BA}.Debug|Mixed Platforms.Build.0 = Debug|Any CPU
		{E864C573-6648-4CEB-B8B8-BBA7639087BA}.Debug|x86.ActiveCfg = Debug|Any CPU
		{E864C573-6648-4CEB-B8B8-BBA7639087BA}.Release|Any CPU.ActiveCfg = Release|Any CPU
		{E864C573-6648-4CEB-B8B8-BBA7639087BA}.Release|Any CPU.Build.0 = Release|Any CPU
		{E864C573-6648-4CEB-B8B8-BBA7639087BA}.Release|Mixed Platforms.ActiveCfg = Release|Any CPU
		{E864C573-6648-4CEB-B8B8-BBA7639087BA}.Release|Mixed Platforms.Build.0 = Release|Any CPU
		{E864C573-6648-4CEB-B8B8-BBA7639087BA}.Release|x86.ActiveCfg = Release|Any CPU
		{27F8A7C2-258A-4619-9E41-69C33AA7CB1D}.Debug|Any CPU.ActiveCfg = Debug|x86
		{27F8A7C2-258A-4619-9E41-69C33AA7CB1D}.Debug|Mixed Platforms.ActiveCfg = Debug|x86
		{27F8A7C2-258A-4619-9E41-69C33AA7CB1D}.Debug|Mixed Platforms.Build.0 = Debug|x86
		{27F8A7C2-258A-4619-9E41-69C33AA7CB1D}.Debug|x86.ActiveCfg = Debug|x86
		{27F8A7C2-258A-4619-9E41-69C33AA7CB1D}.Debug|x86.Build.0 = Debug|x86
		{27F8A7C2-258A-4619-9E41-69C33AA7CB1D}.Release|Any CPU.ActiveCfg = Release|x86
		{27F8A7C2-258A-4619-9E41-69C33AA7CB1D}.Release|Mixed Platforms.ActiveCfg = Release|x86
		{27F8A7C2-258A-4619-9E41-69C33AA7CB1D}.Release|Mixed Platforms.Build.0 = Release|x86
		{27F8A7C2-258A-4619-9E41-69C33AA7CB1D}.Release|x86.ActiveCfg = Release|x86
		{27F8A7C2-258A-4619-9E41-69C33AA7CB1D}.Release|x86.Build.0 = Release|x86
		{91A785F9-CD1D-414D-AC36-7D72591F3F31}.Debug|Any CPU.ActiveCfg = Debug|x86
		{91A785F9-CD1D-414D-AC36-7D72591F3F31}.Debug|Mixed Platforms.ActiveCfg = Debug|x86
		{91A785F9-CD1D-414D-AC36-7D72591F3F31}.Debug|Mixed Platforms.Build.0 = Debug|x86
		{91A785F9-CD1D-414D-AC36-7D72591F3F31}.Debug|x86.ActiveCfg = Debug|x86
		{91A785F9-CD1D-414D-AC36-7D72591F3F31}.Debug|x86.Build.0 = Debug|x86
		{91A785F9-CD1D-414D-AC36-7D72591F3F31}.Release|Any CPU.ActiveCfg = Release|x86
		{91A785F9-CD1D-414D-AC36-7D72591F3F31}.Release|Mixed Platforms.ActiveCfg = Release|x86
		{91A785F9-CD1D-414D-AC36-7D72591F3F31}.Release|Mixed Platforms.Build.0 = Release|x86
		{91A785F9-CD1D-414D-AC36-7D72591F3F31}.Release|x86.ActiveCfg = Release|x86
		{91A785F9-CD1D-414D-AC36-7D72591F3F31}.Release|x86.Build.0 = Release|x86
		{0B15ED86-CFC1-4D06-93E8-1B9F483F87E1}.Debug|Any CPU.ActiveCfg = Debug|x86
		{0B15ED86-CFC1-4D06-93E8-1B9F483F87E1}.Debug|Mixed Platforms.ActiveCfg = Debug|x86
		{0B15ED86-CFC1-4D06-93E8-1B9F483F87E1}.Debug|Mixed Platforms.Build.0 = Debug|x86
		{0B15ED86-CFC1-4D06-93E8-1B9F483F87E1}.Debug|x86.ActiveCfg = Debug|x86
		{0B15ED86-CFC1-4D06-93E8-1B9F483F87E1}.Debug|x86.Build.0 = Debug|x86
		{0B15ED86-CFC1-4D06-93E8-1B9F483F87E1}.Release|Any CPU.ActiveCfg = Release|x86
		{0B15ED86-CFC1-4D06-93E8-1B9F483F87E1}.Release|Mixed Platforms.ActiveCfg = Release|x86
		{0B15ED86-CFC1-4D06-93E8-1B9F483F87E1}.Release|Mixed Platforms.Build.0 = Release|x86
		{0B15ED86-CFC1-4D06-93E8-1B9F483F87E1}.Release|x86.ActiveCfg = Release|x86
		{0B15ED86-CFC1-4D06-93E8-1B9F483F87E1}.Release|x86.Build.0 = Release|x86
		{C6BD7125-F33D-46CF-97FA-DC1DBE44255C}.Debug|Any CPU.ActiveCfg = Debug|x86
		{C6BD7125-F33D-46CF-97FA-DC1DBE44255C}.Debug|Mixed Platforms.ActiveCfg = Debug|x86
		{C6BD7125-F33D-46CF-97FA-DC1DBE44255C}.Debug|Mixed Platforms.Build.0 = Debug|x86
		{C6BD7125-F33D-46CF-97FA-DC1DBE44255C}.Debug|x86.ActiveCfg = Debug|x86
		{C6BD7125-F33D-46CF-97FA-DC1DBE44255C}.Debug|x86.Build.0 = Debug|x86
		{C6BD7125-F33D-46CF-97FA-DC1DBE44255C}.Release|Any CPU.ActiveCfg = Release|x86
		{C6BD7125-F33D-46CF-97FA-DC1DBE44255C}.Release|Mixed Platforms.ActiveCfg = Release|x86
		{C6BD7125-F33D-46CF-97FA-DC1DBE44255C}.Release|Mixed Platforms.Build.0 = Release|x86
		{C6BD7125-F33D-46CF-97FA-DC1DBE44255C}.Release|x86.ActiveCfg = Release|x86
		{C6BD7125-F33D-46CF-97FA-DC1DBE44255C}.Release|x86.Build.0 = Release|x86
		{FF4827D0-5C2D-4564-A92B-E231F39E7B65}.Debug|Any CPU.ActiveCfg = Debug|x86
		{FF4827D0-5C2D-4564-A92B-E231F39E7B65}.Debug|Mixed Platforms.ActiveCfg = Debug|x86
		{FF4827D0-5C2D-4564-A92B-E231F39E7B65}.Debug|Mixed Platforms.Build.0 = Debug|x86
		{FF4827D0-5C2D-4564-A92B-E231F39E7B65}.Debug|x86.ActiveCfg = Debug|x86
		{FF4827D0-5C2D-4564-A92B-E231F39E7B65}.Debug|x86.Build.0 = Debug|x86
		{FF4827D0-5C2D-4564-A92B-E231F39E7B65}.Release|Any CPU.ActiveCfg = Release|x86
		{FF4827D0-5C2D-4564-A92B-E231F39E7B65}.Release|Mixed Platforms.ActiveCfg = Release|x86
		{FF4827D0-5C2D-4564-A92B-E231F39E7B65}.Release|Mixed Platforms.Build.0 = Release|x86
		{FF4827D0-5C2D-4564-A92B-E231F39E7B65}.Release|x86.ActiveCfg = Release|x86
		{FF4827D0-5C2D-4564-A92B-E231F39E7B65}.Release|x86.Build.0 = Release|x86
	EndGlobalSection
	GlobalSection(SolutionProperties) = preSolution
		HideSolutionNode = FALSE
	EndGlobalSection
	GlobalSection(NestedProjects) = preSolution
		{52A96AF2-978C-4BF0-9BF8-D30550FD1302} = {1A74FE71-5077-4B90-9732-B26B1A3CE519}
		{DEFDC229-1AB9-4E0C-B9E7-9DAD15298690} = {1A74FE71-5077-4B90-9732-B26B1A3CE519}
		{91A785F9-CD1D-414D-AC36-7D72591F3F31} = {1A74FE71-5077-4B90-9732-B26B1A3CE519}
		{0B15ED86-CFC1-4D06-93E8-1B9F483F87E1} = {1A74FE71-5077-4B90-9732-B26B1A3CE519}
		{C6BD7125-F33D-46CF-97FA-DC1DBE44255C} = {1A74FE71-5077-4B90-9732-B26B1A3CE519}
		{FF4827D0-5C2D-4564-A92B-E231F39E7B65} = {1A74FE71-5077-4B90-9732-B26B1A3CE519}
		{FB364AFE-6B56-4CC3-823B-02B8DB3DE57E} = {52A96AF2-978C-4BF0-9BF8-D30550FD1302}
		{27F8A7C2-258A-4619-9E41-69C33AA7CB1D} = {52A96AF2-978C-4BF0-9BF8-D30550FD1302}
		{E0A8CF6D-2B1A-426A-B70D-FEDF0205AA25} = {DEFDC229-1AB9-4E0C-B9E7-9DAD15298690}
		{055A20DA-60FC-4F79-94B6-8EB0012DE36E} = {DEFDC229-1AB9-4E0C-B9E7-9DAD15298690}
		{76134C80-DE44-4F33-8AB5-806B94B06AC3} = {F4619C23-DEC0-424A-BC7D-A98FDE4051CF}
		{F39A792F-201A-463B-9E68-37DB9C9D4F84} = {F4619C23-DEC0-424A-BC7D-A98FDE4051CF}
		{84463755-4809-40E6-B0D5-6B7FCD4F6895} = {33763813-A289-4610-92D6-EE14727958F8}
		{E864C573-6648-4CEB-B8B8-BBA7639087BA} = {33763813-A289-4610-92D6-EE14727958F8}
	EndGlobalSection
EndGlobal
